
Microsoft Visual Studio Solution File, Format Version 12.00
# Visual Studio Version 17
VisualStudioVersion = 17.1.32228.430
MinimumVisualStudioVersion = 10.0.40219.1
Project("{9A19103F-16F7-4668-BE54-9A1E7A4F7556}") = "MovieApp", "MovieApp\MovieApp.csproj", "{2C53A76D-144D-42A2-9AC3-ECD2072AF8E6}"
EndProject
Project("{9A19103F-16F7-4668-BE54-9A1E7A4F7556}") = "MovieApp.Core", "MovieApp.Core\MovieApp.Core.csproj", "{EA01ACF4-4F0E-462C-A830-852922A1BBF9}"
EndProject
Project("{9A19103F-16F7-4668-BE54-9A1E7A4F7556}") = "MovieApp.Services", "MovieApp.Services\MovieApp.Services.csproj", "{7E2F8689-C53B-4BBD-81C6-17040CACF700}"
EndProject
Project("{9A19103F-16F7-4668-BE54-9A1E7A4F7556}") = "MovieApp.Data", "MovieApp.Data\MovieApp.Data.csproj", "{1067BE79-40C1-40A7-87B4-7FC2D88FC9E5}"
EndProject
Project("{E53339B2-1760-4266-BCC7-CA923CBCF16C}") = "docker-compose", "docker-compose.dcproj", "{DC295968-DBA8-40BE-8E13-EB3544875C1E}"
EndProject
Global
	GlobalSection(SolutionConfigurationPlatforms) = preSolution
		Debug|Any CPU = Debug|Any CPU
		Release|Any CPU = Release|Any CPU
	EndGlobalSection
	GlobalSection(ProjectConfigurationPlatforms) = postSolution
		{2C53A76D-144D-42A2-9AC3-ECD2072AF8E6}.Debug|Any CPU.ActiveCfg = Debug|Any CPU
		{2C53A76D-144D-42A2-9AC3-ECD2072AF8E6}.Debug|Any CPU.Build.0 = Debug|Any CPU
		{2C53A76D-144D-42A2-9AC3-ECD2072AF8E6}.Release|Any CPU.ActiveCfg = Release|Any CPU
		{2C53A76D-144D-42A2-9AC3-ECD2072AF8E6}.Release|Any CPU.Build.0 = Release|Any CPU
		{EA01ACF4-4F0E-462C-A830-852922A1BBF9}.Debug|Any CPU.ActiveCfg = Debug|Any CPU
		{EA01ACF4-4F0E-462C-A830-852922A1BBF9}.Debug|Any CPU.Build.0 = Debug|Any CPU
		{EA01ACF4-4F0E-462C-A830-852922A1BBF9}.Release|Any CPU.ActiveCfg = Release|Any CPU
		{EA01ACF4-4F0E-462C-A830-852922A1BBF9}.Release|Any CPU.Build.0 = Release|Any CPU
		{7E2F8689-C53B-4BBD-81C6-17040CACF700}.Debug|Any CPU.ActiveCfg = Debug|Any CPU
		{7E2F8689-C53B-4BBD-81C6-17040CACF700}.Debug|Any CPU.Build.0 = Debug|Any CPU
		{7E2F8689-C53B-4BBD-81C6-17040CACF700}.Release|Any CPU.ActiveCfg = Release|Any CPU
		{7E2F8689-C53B-4BBD-81C6-17040CACF700}.Release|Any CPU.Build.0 = Release|Any CPU
		{1067BE79-40C1-40A7-87B4-7FC2D88FC9E5}.Debug|Any CPU.ActiveCfg = Debug|Any CPU
		{1067BE79-40C1-40A7-87B4-7FC2D88FC9E5}.Debug|Any CPU.Build.0 = Debug|Any CPU
		{1067BE79-40C1-40A7-87B4-7FC2D88FC9E5}.Release|Any CPU.ActiveCfg = Release|Any CPU
		{1067BE79-40C1-40A7-87B4-7FC2D88FC9E5}.Release|Any CPU.Build.0 = Release|Any CPU
		{DC295968-DBA8-40BE-8E13-EB3544875C1E}.Debug|Any CPU.ActiveCfg = Debug|Any CPU
		{DC295968-DBA8-40BE-8E13-EB3544875C1E}.Debug|Any CPU.Build.0 = Debug|Any CPU
		{DC295968-DBA8-40BE-8E13-EB3544875C1E}.Release|Any CPU.ActiveCfg = Release|Any CPU
		{DC295968-DBA8-40BE-8E13-EB3544875C1E}.Release|Any CPU.Build.0 = Release|Any CPU
	EndGlobalSection
	GlobalSection(SolutionProperties) = preSolution
		HideSolutionNode = FALSE
	EndGlobalSection
	GlobalSection(ExtensibilityGlobals) = postSolution
		SolutionGuid = {F08E5C15-B60B-4367-978A-BD9E8175E2F6}
	EndGlobalSection
EndGlobal
